
Microsoft Visual Studio Solution File, Format Version 12.00
# Visual Studio Version 17
VisualStudioVersion = 17.10.35122.118
MinimumVisualStudioVersion = 10.0.40219.1
Project("{FAE04EC0-301F-11D3-BF4B-00C04F79EFBC}") = "SuperSystem.Server", "SuperSystem.Server\SuperSystem.Server.csproj", "{444BF601-9E0A-4CC5-8999-CF379D99941E}"
EndProject
Project("{54A90642-561A-4BB1-A94E-469ADEE60C69}") = "supersystem.client", "supersystem.client\supersystem.client.esproj", "{144CDAEB-0370-458F-AD35-728B09267F0A}"
EndProject
Global
	GlobalSection(SolutionConfigurationPlatforms) = preSolution
		Debug|Any CPU = Debug|Any CPU
		Release|Any CPU = Release|Any CPU
	EndGlobalSection
	GlobalSection(ProjectConfigurationPlatforms) = postSolution
		{444BF601-9E0A-4CC5-8999-CF379D99941E}.Debug|Any CPU.ActiveCfg = Debug|Any CPU
		{444BF601-9E0A-4CC5-8999-CF379D99941E}.Debug|Any CPU.Build.0 = Debug|Any CPU
		{444BF601-9E0A-4CC5-8999-CF379D99941E}.Release|Any CPU.ActiveCfg = Release|Any CPU
		{444BF601-9E0A-4CC5-8999-CF379D99941E}.Release|Any CPU.Build.0 = Release|Any CPU
		{144CDAEB-0370-458F-AD35-728B09267F0A}.Debug|Any CPU.ActiveCfg = Debug|Any CPU
		{144CDAEB-0370-458F-AD35-728B09267F0A}.Debug|Any CPU.Build.0 = Debug|Any CPU
		{144CDAEB-0370-458F-AD35-728B09267F0A}.Debug|Any CPU.Deploy.0 = Debug|Any CPU
		{144CDAEB-0370-458F-AD35-728B09267F0A}.Release|Any CPU.ActiveCfg = Release|Any CPU
		{144CDAEB-0370-458F-AD35-728B09267F0A}.Release|Any CPU.Build.0 = Release|Any CPU
		{144CDAEB-0370-458F-AD35-728B09267F0A}.Release|Any CPU.Deploy.0 = Release|Any CPU
	EndGlobalSection
	GlobalSection(SolutionProperties) = preSolution
		HideSolutionNode = FALSE
	EndGlobalSection
	GlobalSection(ExtensibilityGlobals) = postSolution
		SolutionGuid = {0F7E05A0-7A92-4E62-BE8F-612FF4A11538}
	EndGlobalSection
EndGlobal
